
Microsoft Visual Studio Solution File, Format Version 12.00
# Visual Studio Version 17
VisualStudioVersion = 17.8.34330.188
MinimumVisualStudioVersion = 10.0.40219.1
Project("{9A19103F-16F7-4668-BE54-9A1E7A4F7556}") = "TrueDinner.Api", "TrueDinner.Api\TrueDinner.Api.csproj", "{84412E74-E50D-42C4-96B3-EB9970FDEFC8}"
EndProject
Project("{9A19103F-16F7-4668-BE54-9A1E7A4F7556}") = "TrueDinner.Contracts", "TrueDinner.Contracts\TrueDinner.Contracts.csproj", "{C368C101-4DCF-40F7-A8E6-76D10C6934BF}"
EndProject
Project("{9A19103F-16F7-4668-BE54-9A1E7A4F7556}") = "TrueDinner.Infrastructure", "TrueDinner.Infrastructure\TrueDinner.Infrastructure.csproj", "{D14CB6E0-ACD4-4560-948C-238DEDB6DF82}"
EndProject
Project("{9A19103F-16F7-4668-BE54-9A1E7A4F7556}") = "TrueDinner.Application", "TrueDinner.Application\TrueDinner.Application.csproj", "{B1284A01-2AF2-49D6-8516-A7729210EC60}"
EndProject
Project("{9A19103F-16F7-4668-BE54-9A1E7A4F7556}") = "TrueDinner.Domain", "TrueDinner.Domain\TrueDinner.Domain.csproj", "{7249FA34-B428-446F-99D9-6CA350F464B8}"
EndProject
Global
	GlobalSection(SolutionConfigurationPlatforms) = preSolution
		Debug|Any CPU = Debug|Any CPU
		Release|Any CPU = Release|Any CPU
	EndGlobalSection
	GlobalSection(ProjectConfigurationPlatforms) = postSolution
		{84412E74-E50D-42C4-96B3-EB9970FDEFC8}.Debug|Any CPU.ActiveCfg = Debug|Any CPU
		{84412E74-E50D-42C4-96B3-EB9970FDEFC8}.Debug|Any CPU.Build.0 = Debug|Any CPU
		{84412E74-E50D-42C4-96B3-EB9970FDEFC8}.Release|Any CPU.ActiveCfg = Release|Any CPU
		{84412E74-E50D-42C4-96B3-EB9970FDEFC8}.Release|Any CPU.Build.0 = Release|Any CPU
		{C368C101-4DCF-40F7-A8E6-76D10C6934BF}.Debug|Any CPU.ActiveCfg = Debug|Any CPU
		{C368C101-4DCF-40F7-A8E6-76D10C6934BF}.Debug|Any CPU.Build.0 = Debug|Any CPU
		{C368C101-4DCF-40F7-A8E6-76D10C6934BF}.Release|Any CPU.ActiveCfg = Release|Any CPU
		{C368C101-4DCF-40F7-A8E6-76D10C6934BF}.Release|Any CPU.Build.0 = Release|Any CPU
		{D14CB6E0-ACD4-4560-948C-238DEDB6DF82}.Debug|Any CPU.ActiveCfg = Debug|Any CPU
		{D14CB6E0-ACD4-4560-948C-238DEDB6DF82}.Debug|Any CPU.Build.0 = Debug|Any CPU
		{D14CB6E0-ACD4-4560-948C-238DEDB6DF82}.Release|Any CPU.ActiveCfg = Release|Any CPU
		{D14CB6E0-ACD4-4560-948C-238DEDB6DF82}.Release|Any CPU.Build.0 = Release|Any CPU
		{B1284A01-2AF2-49D6-8516-A7729210EC60}.Debug|Any CPU.ActiveCfg = Debug|Any CPU
		{B1284A01-2AF2-49D6-8516-A7729210EC60}.Debug|Any CPU.Build.0 = Debug|Any CPU
		{B1284A01-2AF2-49D6-8516-A7729210EC60}.Release|Any CPU.ActiveCfg = Release|Any CPU
		{B1284A01-2AF2-49D6-8516-A7729210EC60}.Release|Any CPU.Build.0 = Release|Any CPU
		{7249FA34-B428-446F-99D9-6CA350F464B8}.Debug|Any CPU.ActiveCfg = Debug|Any CPU
		{7249FA34-B428-446F-99D9-6CA350F464B8}.Debug|Any CPU.Build.0 = Debug|Any CPU
		{7249FA34-B428-446F-99D9-6CA350F464B8}.Release|Any CPU.ActiveCfg = Release|Any CPU
		{7249FA34-B428-446F-99D9-6CA350F464B8}.Release|Any CPU.Build.0 = Release|Any CPU
	EndGlobalSection
	GlobalSection(SolutionProperties) = preSolution
		HideSolutionNode = FALSE
	EndGlobalSection
	GlobalSection(ExtensibilityGlobals) = postSolution
		SolutionGuid = {1AD33CA5-115A-4222-B3BF-5B3A4E595942}
	EndGlobalSection
EndGlobal
